{
  "version": 4,
  "terraform_version": "1.3.2",
  "serial": 31,
  "lineage": "8a09b046-091a-b85d-5223-e380ffb99726",
  "outputs": {},
  "resources": [
    {
      "mode": "managed",
      "type": "aws_codecommit_repository",
      "name": "test",
      "provider": "provider[\"registry.terraform.io/hashicorp/aws\"]",
      "instances": [
        {
          "schema_version": 0,
          "attributes": {
            "arn": "arn:aws:codecommit:ap-southeast-1:194541263916:vpro-repo",
            "clone_url_http": "https://git-codecommit.ap-southeast-1.amazonaws.com/v1/repos/vpro-repo",
            "clone_url_ssh": "ssh://git-codecommit.ap-southeast-1.amazonaws.com/v1/repos/vpro-repo",
            "default_branch": null,
            "description": "vpro-repo repository to learn",
            "id": "vpro-repo",
            "repository_id": "be51847a-3442-4e97-8734-f8453ab31542",
            "repository_name": "vpro-repo",
            "tags": null,
            "tags_all": {}
          },
          "sensitive_attributes": [],
          "private": "bnVsbA=="
        }
      ]
    },
    {
      "mode": "managed",
      "type": "aws_iam_user",
      "name": "cc",
      "provider": "provider[\"registry.terraform.io/hashicorp/aws\"]",
      "instances": [
        {
          "schema_version": 0,
          "attributes": {
            "arn": "arn:aws:iam::194541263916:user/vpro-user",
            "force_destroy": false,
            "id": "vpro-user",
            "name": "vpro-user",
            "path": "/",
            "permissions_boundary": null,
            "tags": null,
            "tags_all": {},
            "unique_id": "AIDAS2S4QDQWM3EYTP36F"
          },
          "sensitive_attributes": [],
          "private": "bnVsbA=="
        }
      ]
    },
    {
      "mode": "managed",
      "type": "aws_iam_user_policy",
      "name": "cc_user_policy",
      "provider": "provider[\"registry.terraform.io/hashicorp/aws\"]",
      "instances": [
        {
          "schema_version": 0,
          "attributes": {
            "id": "vpro-user:vpro-cc-policy",
            "name": "vpro-cc-policy",
            "name_prefix": null,
            "policy": "{\"Statement\":[{\"Action\":[\"codecommit:ListRepositoriesForApprovalRuleTemplate\",\"codecommit:CreateApprovalRuleTemplate\",\"codecommit:UpdateApprovalRuleTemplateName\",\"codecommit:GetApprovalRuleTemplate\",\"codecommit:ListApprovalRuleTemplates\",\"codecommit:DeleteApprovalRuleTemplate\",\"codecommit:ListRepositories\",\"codecommit:UpdateApprovalRuleTemplateContent\",\"codecommit:UpdateApprovalRuleTemplateDescription\"],\"Effect\":\"Allow\",\"Resource\":\"*\"},{\"Action\":\"codecommit:*\",\"Effect\":\"Allow\",\"Resource\":\"arn:aws:codecommit:ap-southeast-1:194541263916:vpro-repo\"}],\"Version\":\"2012-10-17\"}",
            "user": "vpro-user"
          },
          "sensitive_attributes": [],
          "private": "bnVsbA==",
          "dependencies": [
            "aws_codecommit_repository.test",
            "aws_iam_user.cc"
          ]
        }
      ]
    },
    {
      "mode": "managed",
      "type": "aws_iam_user_ssh_key",
      "name": "user",
      "provider": "provider[\"registry.terraform.io/hashicorp/aws\"]",
      "instances": [
        {
          "schema_version": 0,
          "attributes": {
            "encoding": "SSH",
            "fingerprint": "a1:dc:ea:33:92:19:09:e0:a8:ea:d7:43:f4:84:0f:f8",
            "id": "APKAS2S4QDQWPAKWONMJ",
            "public_key": "ssh-rsa AAAAB3NzaC1yc2EAAAADAQABAAABgQDT6eImlo005eDNsOYxTEkR986H6hO9xuvgcQDAiK7T5wu6u+Y5j+RkmeliTKG/YqFb3eSz0nkj2K3BfdSgU2wTOxcEIxySpvT71vXayj61LokzEeVBq+GmMDALcEKv2oG3Eq12FuiFpUKU0VczUb6SDbsPVQEA7mOGCRIy55N/VNS6Ki/ImcBpN1W+qc+Me78v6W+CGN91rpJhX2k+PzPed1D9sClHCLtJDmzyaZXgDOeIBnapY5Qs4l6eCneGoa7sHp8e8y0HgM+vxxuRqj37CpI7UnE1z2gP4iCIfsrSeFdV2eQAkzYoFdbjg7IzF+EPzwxCLp6RRb59YSPBu6Ny0CIkHV9dc/AuBlGts07WQF9hYruQaYhydvvg+Ivi8IUMI91aCUdYsrAKbXEpKFqHdNlcAtf6fofe0HEwTxCVjbfeOiEBeBGuKDP09z3FGoXWvA6USFSFV0OyAYZybhmgOhuZnZdlpvCyVU7IGak5GhQGTKSs6EWsuHm3aiytWfM=",
            "ssh_public_key_id": "APKAS2S4QDQWPAKWONMJ",
            "status": "Active",
            "username": "vpro-user"
          },
          "sensitive_attributes": [],
          "private": "bnVsbA==",
          "dependencies": [
            "aws_iam_user.cc"
          ]
        }
      ]
    }
  ],
  "check_results": []
}
